// !$*UTF8*$!
{
	archiveVersion = 1;
	classes = {
	};
	objectVersion = 50;
	objects = {

/* Begin PBXBuildFile section */
		2D922FA721359E1C00B2F244 /* AppDelegate.swift in Sources */ = {isa = PBXBuildFile; fileRef = 2D922FA621359E1C00B2F244 /* AppDelegate.swift */; };
		2D922FA921359E1C00B2F244 /* ViewController.swift in Sources */ = {isa = PBXBuildFile; fileRef = 2D922FA821359E1C00B2F244 /* ViewController.swift */; };
		2D922FAC21359E1C00B2F244 /* Main.storyboard in Resources */ = {isa = PBXBuildFile; fileRef = 2D922FAA21359E1C00B2F244 /* Main.storyboard */; };
		2D922FAE21359E2000B2F244 /* Assets.xcassets in Resources */ = {isa = PBXBuildFile; fileRef = 2D922FAD21359E2000B2F244 /* Assets.xcassets */; };
		2D922FB121359E2000B2F244 /* LaunchScreen.storyboard in Resources */ = {isa = PBXBuildFile; fileRef = 2D922FAF21359E2000B2F244 /* LaunchScreen.storyboard */; };
		2D922FBC21359E2000B2F244 /* MetalPokerEvaluatorTests.swift in Sources */ = {isa = PBXBuildFile; fileRef = 2D922FBB21359E2000B2F244 /* MetalPokerEvaluatorTests.swift */; };
		2D922FCA2135A57300B2F244 /* CardMask.swift in Sources */ = {isa = PBXBuildFile; fileRef = 2D922FC92135A57300B2F244 /* CardMask.swift */; };
		2D922FCC2135B39A00B2F244 /* CardMaskTests.swift in Sources */ = {isa = PBXBuildFile; fileRef = 2D922FCB2135B39A00B2F244 /* CardMaskTests.swift */; };
		2D922FCF2135B9FD00B2F244 /* HandScore.swift in Sources */ = {isa = PBXBuildFile; fileRef = 2D922FCE2135B9FD00B2F244 /* HandScore.swift */; };
		2D922FD12135BD0300B2F244 /* MetalPokerEvaluator.swift in Sources */ = {isa = PBXBuildFile; fileRef = 2D922FD02135BD0300B2F244 /* MetalPokerEvaluator.swift */; };
		2D922FD32135BDA700B2F244 /* score.metal in Sources */ = {isa = PBXBuildFile; fileRef = 2D922FD22135BDA700B2F244 /* score.metal */; };
		2D922FD52135BE5000B2F244 /* TestHelpers.swift in Sources */ = {isa = PBXBuildFile; fileRef = 2D922FD42135BE5000B2F244 /* TestHelpers.swift */; };
/* End PBXBuildFile section */

/* Begin PBXContainerItemProxy section */
		2D922FB821359E2000B2F244 /* PBXContainerItemProxy */ = {
			isa = PBXContainerItemProxy;
			containerPortal = 2D922F9B21359E1C00B2F244 /* Project object */;
			proxyType = 1;
			remoteGlobalIDString = 2D922FA221359E1C00B2F244;
			remoteInfo = MetalPokerEvaluator;
		};
/* End PBXContainerItemProxy section */

/* Begin PBXFileReference section */
		2D922FA321359E1C00B2F244 /* MetalPokerEvaluator.app */ = {isa = PBXFileReference; explicitFileType = wrapper.application; includeInIndex = 0; path = MetalPokerEvaluator.app; sourceTree = BUILT_PRODUCTS_DIR; };
		2D922FA621359E1C00B2F244 /* AppDelegate.swift */ = {isa = PBXFileReference; lastKnownFileType = sourcecode.swift; path = AppDelegate.swift; sourceTree = "<group>"; };
		2D922FA821359E1C00B2F244 /* ViewController.swift */ = {isa = PBXFileReference; lastKnownFileType = sourcecode.swift; path = ViewController.swift; sourceTree = "<group>"; };
		2D922FAB21359E1C00B2F244 /* Base */ = {isa = PBXFileReference; lastKnownFileType = file.storyboard; name = Base; path = Base.lproj/Main.storyboard; sourceTree = "<group>"; };
		2D922FAD21359E2000B2F244 /* Assets.xcassets */ = {isa = PBXFileReference; lastKnownFileType = folder.assetcatalog; path = Assets.xcassets; sourceTree = "<group>"; };
		2D922FB021359E2000B2F244 /* Base */ = {isa = PBXFileReference; lastKnownFileType = file.storyboard; name = Base; path = Base.lproj/LaunchScreen.storyboard; sourceTree = "<group>"; };
		2D922FB221359E2000B2F244 /* Info.plist */ = {isa = PBXFileReference; lastKnownFileType = text.plist.xml; path = Info.plist; sourceTree = "<group>"; };
		2D922FB721359E2000B2F244 /* MetalPokerEvaluatorTests.xctest */ = {isa = PBXFileReference; explicitFileType = wrapper.cfbundle; includeInIndex = 0; path = MetalPokerEvaluatorTests.xctest; sourceTree = BUILT_PRODUCTS_DIR; };
		2D922FBB21359E2000B2F244 /* MetalPokerEvaluatorTests.swift */ = {isa = PBXFileReference; lastKnownFileType = sourcecode.swift; path = MetalPokerEvaluatorTests.swift; sourceTree = "<group>"; };
		2D922FBD21359E2000B2F244 /* Info.plist */ = {isa = PBXFileReference; lastKnownFileType = text.plist.xml; path = Info.plist; sourceTree = "<group>"; };
		2D922FC62135A16800B2F244 /* .gitignore */ = {isa = PBXFileReference; lastKnownFileType = text; path = .gitignore; sourceTree = "<group>"; };
		2D922FC72135A2CF00B2F244 /* LICENSE */ = {isa = PBXFileReference; lastKnownFileType = text; path = LICENSE; sourceTree = "<group>"; };
		2D922FC82135A2D000B2F244 /* README.md */ = {isa = PBXFileReference; lastKnownFileType = net.daringfireball.markdown; path = README.md; sourceTree = "<group>"; };
		2D922FC92135A57300B2F244 /* CardMask.swift */ = {isa = PBXFileReference; lastKnownFileType = sourcecode.swift; path = CardMask.swift; sourceTree = "<group>"; };
		2D922FCB2135B39A00B2F244 /* CardMaskTests.swift */ = {isa = PBXFileReference; lastKnownFileType = sourcecode.swift; path = CardMaskTests.swift; sourceTree = "<group>"; };
		2D922FCE2135B9FD00B2F244 /* HandScore.swift */ = {isa = PBXFileReference; lastKnownFileType = sourcecode.swift; path = HandScore.swift; sourceTree = "<group>"; };
		2D922FD02135BD0300B2F244 /* MetalPokerEvaluator.swift */ = {isa = PBXFileReference; lastKnownFileType = sourcecode.swift; path = MetalPokerEvaluator.swift; sourceTree = "<group>"; };
		2D922FD22135BDA700B2F244 /* score.metal */ = {isa = PBXFileReference; lastKnownFileType = sourcecode.metal; path = score.metal; sourceTree = "<group>"; };
		2D922FD42135BE5000B2F244 /* TestHelpers.swift */ = {isa = PBXFileReference; lastKnownFileType = sourcecode.swift; path = TestHelpers.swift; sourceTree = "<group>"; };
/* End PBXFileReference section */

/* Begin PBXFrameworksBuildPhase section */
		2D922FA021359E1C00B2F244 /* Frameworks */ = {
			isa = PBXFrameworksBuildPhase;
			buildActionMask = 2147483647;
			files = (
			);
			runOnlyForDeploymentPostprocessing = 0;
		};
		2D922FB421359E2000B2F244 /* Frameworks */ = {
			isa = PBXFrameworksBuildPhase;
			buildActionMask = 2147483647;
			files = (
			);
			runOnlyForDeploymentPostprocessing = 0;
		};
/* End PBXFrameworksBuildPhase section */

/* Begin PBXGroup section */
		2D922F9A21359E1C00B2F244 = {
			isa = PBXGroup;
			children = (
				2D922FC62135A16800B2F244 /* .gitignore */,
				2D922FC72135A2CF00B2F244 /* LICENSE */,
				2D922FC82135A2D000B2F244 /* README.md */,
				2D922FA521359E1C00B2F244 /* MetalPokerEvaluator */,
				2D922FBA21359E2000B2F244 /* MetalPokerEvaluatorTests */,
				2D922FA421359E1C00B2F244 /* Products */,
			);
			sourceTree = "<group>";
		};
		2D922FA421359E1C00B2F244 /* Products */ = {
			isa = PBXGroup;
			children = (
				2D922FA321359E1C00B2F244 /* MetalPokerEvaluator.app */,
				2D922FB721359E2000B2F244 /* MetalPokerEvaluatorTests.xctest */,
			);
			name = Products;
			sourceTree = "<group>";
		};
		2D922FA521359E1C00B2F244 /* MetalPokerEvaluator */ = {
			isa = PBXGroup;
			children = (
				2D922FC92135A57300B2F244 /* CardMask.swift */,
				2D922FCE2135B9FD00B2F244 /* HandScore.swift */,
				2D922FD02135BD0300B2F244 /* MetalPokerEvaluator.swift */,
				2D922FD22135BDA700B2F244 /* score.metal */,
				2D922FA621359E1C00B2F244 /* AppDelegate.swift */,
				2D922FA821359E1C00B2F244 /* ViewController.swift */,
				2D922FAA21359E1C00B2F244 /* Main.storyboard */,
				2D922FAD21359E2000B2F244 /* Assets.xcassets */,
				2D922FAF21359E2000B2F244 /* LaunchScreen.storyboard */,
				2D922FB221359E2000B2F244 /* Info.plist */,
			);
			path = MetalPokerEvaluator;
			sourceTree = "<group>";
		};
		2D922FBA21359E2000B2F244 /* MetalPokerEvaluatorTests */ = {
			isa = PBXGroup;
			children = (
				2D922FD42135BE5000B2F244 /* TestHelpers.swift */,
				2D922FCB2135B39A00B2F244 /* CardMaskTests.swift */,
				2D922FBB21359E2000B2F244 /* MetalPokerEvaluatorTests.swift */,
				2D922FBD21359E2000B2F244 /* Info.plist */,
			);
			path = MetalPokerEvaluatorTests;
			sourceTree = "<group>";
		};
/* End PBXGroup section */

/* Begin PBXNativeTarget section */
		2D922FA221359E1C00B2F244 /* MetalPokerEvaluator */ = {
			isa = PBXNativeTarget;
			buildConfigurationList = 2D922FC021359E2000B2F244 /* Build configuration list for PBXNativeTarget "MetalPokerEvaluator" */;
			buildPhases = (
				2D922F9F21359E1C00B2F244 /* Sources */,
				2D922FA021359E1C00B2F244 /* Frameworks */,
				2D922FA121359E1C00B2F244 /* Resources */,
			);
			buildRules = (
			);
			dependencies = (
			);
			name = MetalPokerEvaluator;
			productName = MetalPokerEvaluator;
			productReference = 2D922FA321359E1C00B2F244 /* MetalPokerEvaluator.app */;
			productType = "com.apple.product-type.application";
		};
		2D922FB621359E2000B2F244 /* MetalPokerEvaluatorTests */ = {
			isa = PBXNativeTarget;
			buildConfigurationList = 2D922FC321359E2000B2F244 /* Build configuration list for PBXNativeTarget "MetalPokerEvaluatorTests" */;
			buildPhases = (
				2D922FB321359E2000B2F244 /* Sources */,
				2D922FB421359E2000B2F244 /* Frameworks */,
				2D922FB521359E2000B2F244 /* Resources */,
			);
			buildRules = (
			);
			dependencies = (
				2D922FB921359E2000B2F244 /* PBXTargetDependency */,
			);
			name = MetalPokerEvaluatorTests;
			productName = MetalPokerEvaluatorTests;
			productReference = 2D922FB721359E2000B2F244 /* MetalPokerEvaluatorTests.xctest */;
			productType = "com.apple.product-type.bundle.unit-test";
		};
/* End PBXNativeTarget section */

/* Begin PBXProject section */
		2D922F9B21359E1C00B2F244 /* Project object */ = {
			isa = PBXProject;
			attributes = {
				LastSwiftUpdateCheck = 0940;
				LastUpgradeCheck = 0940;
				ORGANIZATIONNAME = "Warren Whipple";
				TargetAttributes = {
					2D922FA221359E1C00B2F244 = {
						CreatedOnToolsVersion = 9.4.1;
					};
					2D922FB621359E2000B2F244 = {
						CreatedOnToolsVersion = 9.4.1;
						TestTargetID = 2D922FA221359E1C00B2F244;
					};
				};
			};
			buildConfigurationList = 2D922F9E21359E1C00B2F244 /* Build configuration list for PBXProject "MetalPokerEvaluator" */;
			compatibilityVersion = "Xcode 9.3";
			developmentRegion = en;
			hasScannedForEncodings = 0;
			knownRegions = (
				en,
				Base,
			);
			mainGroup = 2D922F9A21359E1C00B2F244;
			productRefGroup = 2D922FA421359E1C00B2F244 /* Products */;
			projectDirPath = "";
			projectRoot = "";
			targets = (
				2D922FA221359E1C00B2F244 /* MetalPokerEvaluator */,
				2D922FB621359E2000B2F244 /* MetalPokerEvaluatorTests */,
			);
		};
/* End PBXProject section */

/* Begin PBXResourcesBuildPhase section */
		2D922FA121359E1C00B2F244 /* Resources */ = {
			isa = PBXResourcesBuildPhase;
			buildActionMask = 2147483647;
			files = (
				2D922FB121359E2000B2F244 /* LaunchScreen.storyboard in Resources */,
				2D922FAE21359E2000B2F244 /* Assets.xcassets in Resources */,
				2D922FAC21359E1C00B2F244 /* Main.storyboard in Resources */,
			);
			runOnlyForDeploymentPostprocessing = 0;
		};
		2D922FB521359E2000B2F244 /* Resources */ = {
			isa = PBXResourcesBuildPhase;
			buildActionMask = 2147483647;
			files = (
			);
			runOnlyForDeploymentPostprocessing = 0;
		};
/* End PBXResourcesBuildPhase section */

/* Begin PBXSourcesBuildPhase section */
		2D922F9F21359E1C00B2F244 /* Sources */ = {
			isa = PBXSourcesBuildPhase;
			buildActionMask = 2147483647;
			files = (
				2D922FA921359E1C00B2F244 /* ViewController.swift in Sources */,
				2D922FCF2135B9FD00B2F244 /* HandScore.swift in Sources */,
				2D922FD32135BDA700B2F244 /* score.metal in Sources */,
				2D922FCA2135A57300B2F244 /* CardMask.swift in Sources */,
				2D922FA721359E1C00B2F244 /* AppDelegate.swift in Sources */,
				2D922FD12135BD0300B2F244 /* MetalPokerEvaluator.swift in Sources */,
			);
			runOnlyForDeploymentPostprocessing = 0;
		};
		2D922FB321359E2000B2F244 /* Sources */ = {
			isa = PBXSourcesBuildPhase;
			buildActionMask = 2147483647;
			files = (
				2D922FBC21359E2000B2F244 /* MetalPokerEvaluatorTests.swift in Sources */,
				2D922FCC2135B39A00B2F244 /* CardMaskTests.swift in Sources */,
				2D922FD52135BE5000B2F244 /* TestHelpers.swift in Sources */,
			);
			runOnlyForDeploymentPostprocessing = 0;
		};
/* End PBXSourcesBuildPhase section */

/* Begin PBXTargetDependency section */
		2D922FB921359E2000B2F244 /* PBXTargetDependency */ = {
			isa = PBXTargetDependency;
			target = 2D922FA221359E1C00B2F244 /* MetalPokerEvaluator */;
			targetProxy = 2D922FB821359E2000B2F244 /* PBXContainerItemProxy */;
		};
/* End PBXTargetDependency section */

/* Begin PBXVariantGroup section */
		2D922FAA21359E1C00B2F244 /* Main.storyboard */ = {
			isa = PBXVariantGroup;
			children = (
				2D922FAB21359E1C00B2F244 /* Base */,
			);
			name = Main.storyboard;
			sourceTree = "<group>";
		};
		2D922FAF21359E2000B2F244 /* LaunchScreen.storyboard */ = {
			isa = PBXVariantGroup;
			children = (
				2D922FB021359E2000B2F244 /* Base */,
			);
			name = LaunchScreen.storyboard;
			sourceTree = "<group>";
		};
/* End PBXVariantGroup section */

/* Begin XCBuildConfiguration section */
		2D922FBE21359E2000B2F244 /* Debug */ = {
			isa = XCBuildConfiguration;
			buildSettings = {
				ALWAYS_SEARCH_USER_PATHS = NO;
				CLANG_ANALYZER_NONNULL = YES;
				CLANG_ANALYZER_NUMBER_OBJECT_CONVERSION = YES_AGGRESSIVE;
				CLANG_CXX_LANGUAGE_STANDARD = "gnu++14";
				CLANG_CXX_LIBRARY = "libc++";
				CLANG_ENABLE_MODULES = YES;
				CLANG_ENABLE_OBJC_ARC = YES;
				CLANG_ENABLE_OBJC_WEAK = YES;
				CLANG_WARN_BLOCK_CAPTURE_AUTORELEASING = YES;
				CLANG_WARN_BOOL_CONVERSION = YES;
				CLANG_WARN_COMMA = YES;
				CLANG_WARN_CONSTANT_CONVERSION = YES;
				CLANG_WARN_DEPRECATED_OBJC_IMPLEMENTATIONS = YES;
				CLANG_WARN_DIRECT_OBJC_ISA_USAGE = YES_ERROR;
				CLANG_WARN_DOCUMENTATION_COMMENTS = YES;
				CLANG_WARN_EMPTY_BODY = YES;
				CLANG_WARN_ENUM_CONVERSION = YES;
				CLANG_WARN_INFINITE_RECURSION = YES;
				CLANG_WARN_INT_CONVERSION = YES;
				CLANG_WARN_NON_LITERAL_NULL_CONVERSION = YES;
				CLANG_WARN_OBJC_IMPLICIT_RETAIN_SELF = YES;
				CLANG_WARN_OBJC_LITERAL_CONVERSION = YES;
				CLANG_WARN_OBJC_ROOT_CLASS = YES_ERROR;
				CLANG_WARN_RANGE_LOOP_ANALYSIS = YES;
				CLANG_WARN_STRICT_PROTOTYPES = YES;
				CLANG_WARN_SUSPICIOUS_MOVE = YES;
				CLANG_WARN_UNGUARDED_AVAILABILITY = YES_AGGRESSIVE;
				CLANG_WARN_UNREACHABLE_CODE = YES;
				CLANG_WARN__DUPLICATE_METHOD_MATCH = YES;
				CODE_SIGN_IDENTITY = "iPhone Developer";
				COPY_PHASE_STRIP = NO;
				DEBUG_INFORMATION_FORMAT = dwarf;
				ENABLE_STRICT_OBJC_MSGSEND = YES;
				ENABLE_TESTABILITY = YES;
				GCC_C_LANGUAGE_STANDARD = gnu11;
				GCC_DYNAMIC_NO_PIC = NO;
				GCC_NO_COMMON_BLOCKS = YES;
				GCC_OPTIMIZATION_LEVEL = 0;
				GCC_PREPROCESSOR_DEFINITIONS = (
					"DEBUG=1",
					"$(inherited)",
				);
				GCC_WARN_64_TO_32_BIT_CONVERSION = YES;
				GCC_WARN_ABOUT_RETURN_TYPE = YES_ERROR;
				GCC_WARN_UNDECLARED_SELECTOR = YES;
				GCC_WARN_UNINITIALIZED_AUTOS = YES_AGGRESSIVE;
				GCC_WARN_UNUSED_FUNCTION = YES;
				GCC_WARN_UNUSED_VARIABLE = YES;
				IPHONEOS_DEPLOYMENT_TARGET = 11.4;
				MTL_ENABLE_DEBUG_INFO = YES;
				ONLY_ACTIVE_ARCH = YES;
				SDKROOT = iphoneos;
				SWIFT_ACTIVE_COMPILATION_CONDITIONS = DEBUG;
				SWIFT_OPTIMIZATION_LEVEL = "-Onone";
			};
			name = Debug;
		};
		2D922FBF21359E2000B2F244 /* Release */ = {
			isa = XCBuildConfiguration;
			buildSettings = {
				ALWAYS_SEARCH_USER_PATHS = NO;
				CLANG_ANALYZER_NONNULL = YES;
				CLANG_ANALYZER_NUMBER_OBJECT_CONVERSION = YES_AGGRESSIVE;
				CLANG_CXX_LANGUAGE_STANDARD = "gnu++14";
				CLANG_CXX_LIBRARY = "libc++";
				CLANG_ENABLE_MODULES = YES;
				CLANG_ENABLE_OBJC_ARC = YES;
				CLANG_ENABLE_OBJC_WEAK = YES;
				CLANG_WARN_BLOCK_CAPTURE_AUTORELEASING = YES;
				CLANG_WARN_BOOL_CONVERSION = YES;
				CLANG_WARN_COMMA = YES;
				CLANG_WARN_CONSTANT_CONVERSION = YES;
				CLANG_WARN_DEPRECATED_OBJC_IMPLEMENTATIONS = YES;
				CLANG_WARN_DIRECT_OBJC_ISA_USAGE = YES_ERROR;
				CLANG_WARN_DOCUMENTATION_COMMENTS = YES;
				CLANG_WARN_EMPTY_BODY = YES;
				CLANG_WARN_ENUM_CONVERSION = YES;
				CLANG_WARN_INFINITE_RECURSION = YES;
				CLANG_WARN_INT_CONVERSION = YES;
				CLANG_WARN_NON_LITERAL_NULL_CONVERSION = YES;
				CLANG_WARN_OBJC_IMPLICIT_RETAIN_SELF = YES;
				CLANG_WARN_OBJC_LITERAL_CONVERSION = YES;
				CLANG_WARN_OBJC_ROOT_CLASS = YES_ERROR;
				CLANG_WARN_RANGE_LOOP_ANALYSIS = YES;
				CLANG_WARN_STRICT_PROTOTYPES = YES;
				CLANG_WARN_SUSPICIOUS_MOVE = YES;
				CLANG_WARN_UNGUARDED_AVAILABILITY = YES_AGGRESSIVE;
				CLANG_WARN_UNREACHABLE_CODE = YES;
				CLANG_WARN__DUPLICATE_METHOD_MATCH = YES;
				CODE_SIGN_IDENTITY = "iPhone Developer";
				COPY_PHASE_STRIP = NO;
				DEBUG_INFORMATION_FORMAT = "dwarf-with-dsym";
				ENABLE_NS_ASSERTIONS = NO;
				ENABLE_STRICT_OBJC_MSGSEND = YES;
				GCC_C_LANGUAGE_STANDARD = gnu11;
				GCC_NO_COMMON_BLOCKS = YES;
				GCC_WARN_64_TO_32_BIT_CONVERSION = YES;
				GCC_WARN_ABOUT_RETURN_TYPE = YES_ERROR;
				GCC_WARN_UNDECLARED_SELECTOR = YES;
				GCC_WARN_UNINITIALIZED_AUTOS = YES_AGGRESSIVE;
				GCC_WARN_UNUSED_FUNCTION = YES;
				GCC_WARN_UNUSED_VARIABLE = YES;
				IPHONEOS_DEPLOYMENT_TARGET = 11.4;
				MTL_ENABLE_DEBUG_INFO = NO;
				SDKROOT = iphoneos;
				SWIFT_COMPILATION_MODE = wholemodule;
				SWIFT_OPTIMIZATION_LEVEL = "-O";
				VALIDATE_PRODUCT = YES;
			};
			name = Release;
		};
		2D922FC121359E2000B2F244 /* Debug */ = {
			isa = XCBuildConfiguration;
			buildSettings = {
				ASSETCATALOG_COMPILER_APPICON_NAME = AppIcon;
				CODE_SIGN_STYLE = Automatic;
				DEVELOPMENT_TEAM = R4SGC2D9P8;
				INFOPLIST_FILE = MetalPokerEvaluator/Info.plist;
				LD_RUNPATH_SEARCH_PATHS = (
					"$(inherited)",
					"@executable_path/Frameworks",
				);
				PRODUCT_BUNDLE_IDENTIFIER = com.warrenwhipple.MetalPokerEvaluator;
				PRODUCT_NAME = "$(TARGET_NAME)";
				SWIFT_VERSION = 4.0;
				TARGETED_DEVICE_FAMILY = "1,2";
			};
			name = Debug;
		};
		2D922FC221359E2000B2F244 /* Release */ = {
			isa = XCBuildConfiguration;
			buildSettings = {
				ASSETCATALOG_COMPILER_APPICON_NAME = AppIcon;
				CODE_SIGN_STYLE = Automatic;
				DEVELOPMENT_TEAM = R4SGC2D9P8;
				INFOPLIST_FILE = MetalPokerEvaluator/Info.plist;
				LD_RUNPATH_SEARCH_PATHS = (
					"$(inherited)",
					"@executable_path/Frameworks",
				);
				PRODUCT_BUNDLE_IDENTIFIER = com.warrenwhipple.MetalPokerEvaluator;
				PRODUCT_NAME = "$(TARGET_NAME)";
				SWIFT_VERSION = 4.0;
				TARGETED_DEVICE_FAMILY = "1,2";
			};
			name = Release;
		};
		2D922FC421359E2000B2F244 /* Debug */ = {
			isa = XCBuildConfiguration;
			buildSettings = {
				ALWAYS_EMBED_SWIFT_STANDARD_LIBRARIES = YES;
				BUNDLE_LOADER = "$(TEST_HOST)";
				CODE_SIGN_STYLE = Automatic;
				DEVELOPMENT_TEAM = R4SGC2D9P8;
				INFOPLIST_FILE = MetalPokerEvaluatorTests/Info.plist;
				LD_RUNPATH_SEARCH_PATHS = (
					"$(inherited)",
					"@executable_path/Frameworks",
					"@loader_path/Frameworks",
				);
				PRODUCT_BUNDLE_IDENTIFIER = com.warrenwhipple.MetalPokerEvaluatorTests;
				PRODUCT_NAME = "$(TARGET_NAME)";
				SWIFT_VERSION = 4.0;
				TARGETED_DEVICE_FAMILY = "1,2";
				TEST_HOST = "$(BUILT_PRODUCTS_DIR)/MetalPokerEvaluator.app/MetalPokerEvaluator";
			};
			name = Debug;
		};
		2D922FC521359E2000B2F244 /* Release */ = {
			isa = XCBuildConfiguration;
			buildSettings = {
				ALWAYS_EMBED_SWIFT_STANDARD_LIBRARIES = YES;
				BUNDLE_LOADER = "$(TEST_HOST)";
				CODE_SIGN_STYLE = Automatic;
				DEVELOPMENT_TEAM = R4SGC2D9P8;
				INFOPLIST_FILE = MetalPokerEvaluatorTests/Info.plist;
				LD_RUNPATH_SEARCH_PATHS = (
					"$(inherited)",
					"@executable_path/Frameworks",
					"@loader_path/Frameworks",
				);
				PRODUCT_BUNDLE_IDENTIFIER = com.warrenwhipple.MetalPokerEvaluatorTests;
				PRODUCT_NAME = "$(TARGET_NAME)";
				SWIFT_VERSION = 4.0;
				TARGETED_DEVICE_FAMILY = "1,2";
				TEST_HOST = "$(BUILT_PRODUCTS_DIR)/MetalPokerEvaluator.app/MetalPokerEvaluator";
			};
			name = Release;
		};
/* End XCBuildConfiguration section */

/* Begin XCConfigurationList section */
		2D922F9E21359E1C00B2F244 /* Build configuration list for PBXProject "MetalPokerEvaluator" */ = {
			isa = XCConfigurationList;
			buildConfigurations = (
				2D922FBE21359E2000B2F244 /* Debug */,
				2D922FBF21359E2000B2F244 /* Release */,
			);
			defaultConfigurationIsVisible = 0;
			defaultConfigurationName = Release;
		};
		2D922FC021359E2000B2F244 /* Build configuration list for PBXNativeTarget "MetalPokerEvaluator" */ = {
			isa = XCConfigurationList;
			buildConfigurations = (
				2D922FC121359E2000B2F244 /* Debug */,
				2D922FC221359E2000B2F244 /* Release */,
			);
			defaultConfigurationIsVisible = 0;
			defaultConfigurationName = Release;
		};
		2D922FC321359E2000B2F244 /* Build configuration list for PBXNativeTarget "MetalPokerEvaluatorTests" */ = {
			isa = XCConfigurationList;
			buildConfigurations = (
				2D922FC421359E2000B2F244 /* Debug */,
				2D922FC521359E2000B2F244 /* Release */,
			);
			defaultConfigurationIsVisible = 0;
			defaultConfigurationName = Release;
		};
/* End XCConfigurationList section */
	};
	rootObject = 2D922F9B21359E1C00B2F244 /* Project object */;
}
